
Microsoft Visual Studio Solution File, Format Version 12.00
# Visual Studio Version 17
VisualStudioVersion = 17.9.34723.18
MinimumVisualStudioVersion = 10.0.40219.1
Project("{FAE04EC0-301F-11D3-BF4B-00C04F79EFBC}") = "snus-zadatak3", "snus-zadatak3.csproj", "{90D6B3C6-D5E8-4F54-99A4-B5E80A5C9B95}"
EndProject
Global
	GlobalSection(SolutionConfigurationPlatforms) = preSolution
		Debug|Any CPU = Debug|Any CPU
		Release|Any CPU = Release|Any CPU
	EndGlobalSection
	GlobalSection(ProjectConfigurationPlatforms) = postSolution
		{90D6B3C6-D5E8-4F54-99A4-B5E80A5C9B95}.Debug|Any CPU.ActiveCfg = Debug|Any CPU
		{90D6B3C6-D5E8-4F54-99A4-B5E80A5C9B95}.Debug|Any CPU.Build.0 = Debug|Any CPU
		{90D6B3C6-D5E8-4F54-99A4-B5E80A5C9B95}.Release|Any CPU.ActiveCfg = Release|Any CPU
		{90D6B3C6-D5E8-4F54-99A4-B5E80A5C9B95}.Release|Any CPU.Build.0 = Release|Any CPU
	EndGlobalSection
	GlobalSection(SolutionProperties) = preSolution
		HideSolutionNode = FALSE
	EndGlobalSection
	GlobalSection(ExtensibilityGlobals) = postSolution
		SolutionGuid = {A456A8E3-77EF-4D4B-BA9D-47B155529161}
	EndGlobalSection
EndGlobal
